
Microsoft Visual Studio Solution File, Format Version 12.00
# Visual Studio Version 16
VisualStudioVersion = 16.0.31205.134
MinimumVisualStudioVersion = 10.0.40219.1
Project("{2150E333-8FDC-42A3-9474-1A3956D46DE8}") = "MIcroservices", "MIcroservices", "{14BBAE7A-6112-4234-8542-375EDCC61BF8}"
EndProject
Project("{2150E333-8FDC-42A3-9474-1A3956D46DE8}") = "Api1", "Api1", "{1FCB7C5D-F989-4B8F-AE50-C2009696D639}"
EndProject
Project("{A07B5EB6-E848-4116-A8D0-A826331D98C6}") = "Demo1.ServiceFabric", "Demo1.ServiceFabric\Demo1.ServiceFabric.sfproj", "{44812118-0CBE-4903-8C6E-1C95ED44FA76}"
EndProject
Project("{FAE04EC0-301F-11D3-BF4B-00C04F79EFBC}") = "Demo1.Api", "Demo1.Api\Demo1.Api.csproj", "{3096988E-6C16-4FCC-9880-B92C88A09E4F}"
EndProject
Project("{2150E333-8FDC-42A3-9474-1A3956D46DE8}") = "Api2", "Api2", "{D2CE73C6-AB10-43BE-97A6-1BABA6F93C6E}"
EndProject
Project("{A07B5EB6-E848-4116-A8D0-A826331D98C6}") = "Demo2.ServiceFabric", "Demo2.ServiceFabric\Demo2.ServiceFabric.sfproj", "{D928B855-D6FE-4886-B6E7-93220774A98C}"
EndProject
Project("{FAE04EC0-301F-11D3-BF4B-00C04F79EFBC}") = "Demo2.Api", "Demo2.Api\Demo2.Api.csproj", "{B0EE9BE6-F722-4585-A05D-67FC3A5EC7ED}"
EndProject
Project("{2150E333-8FDC-42A3-9474-1A3956D46DE8}") = "Gateways", "Gateways", "{CF74820E-A20C-4DE2-B7FA-A91061DA7BC5}"
EndProject
Project("{2150E333-8FDC-42A3-9474-1A3956D46DE8}") = "Steps", "Steps", "{B8459135-A0BF-44D3-81E6-E0E6221061A8}"
	ProjectSection(SolutionItems) = preProject
		Step.txt = Step.txt
	EndProjectSection
EndProject
Project("{A07B5EB6-E848-4116-A8D0-A826331D98C6}") = "Gateway.ServiceFabric", "Gateway.ServiceFabric\Gateway.ServiceFabric.sfproj", "{6DA9FE49-FE3C-4C55-91F0-E9622487EF41}"
EndProject
Project("{FAE04EC0-301F-11D3-BF4B-00C04F79EFBC}") = "Mobile.Gateway", "Mobile.Gateway\Mobile.Gateway.csproj", "{2DDF53FA-7F7E-4C23-A14F-6F035DF48BC0}"
EndProject
Project("{FAE04EC0-301F-11D3-BF4B-00C04F79EFBC}") = "Web.Gateway", "Web.Gateway\Web.Gateway.csproj", "{7A84A771-ECA0-4C52-BE9F-DC4898188252}"
EndProject
Global
	GlobalSection(SolutionConfigurationPlatforms) = preSolution
		Debug|Any CPU = Debug|Any CPU
		Debug|x64 = Debug|x64
		Release|Any CPU = Release|Any CPU
		Release|x64 = Release|x64
	EndGlobalSection
	GlobalSection(ProjectConfigurationPlatforms) = postSolution
		{44812118-0CBE-4903-8C6E-1C95ED44FA76}.Debug|Any CPU.ActiveCfg = Debug|x64
		{44812118-0CBE-4903-8C6E-1C95ED44FA76}.Debug|x64.ActiveCfg = Debug|x64
		{44812118-0CBE-4903-8C6E-1C95ED44FA76}.Debug|x64.Build.0 = Debug|x64
		{44812118-0CBE-4903-8C6E-1C95ED44FA76}.Debug|x64.Deploy.0 = Debug|x64
		{44812118-0CBE-4903-8C6E-1C95ED44FA76}.Release|Any CPU.ActiveCfg = Release|x64
		{44812118-0CBE-4903-8C6E-1C95ED44FA76}.Release|x64.ActiveCfg = Release|x64
		{44812118-0CBE-4903-8C6E-1C95ED44FA76}.Release|x64.Build.0 = Release|x64
		{44812118-0CBE-4903-8C6E-1C95ED44FA76}.Release|x64.Deploy.0 = Release|x64
		{3096988E-6C16-4FCC-9880-B92C88A09E4F}.Debug|Any CPU.ActiveCfg = Debug|Any CPU
		{3096988E-6C16-4FCC-9880-B92C88A09E4F}.Debug|Any CPU.Build.0 = Debug|Any CPU
		{3096988E-6C16-4FCC-9880-B92C88A09E4F}.Debug|x64.ActiveCfg = Debug|Any CPU
		{3096988E-6C16-4FCC-9880-B92C88A09E4F}.Debug|x64.Build.0 = Debug|Any CPU
		{3096988E-6C16-4FCC-9880-B92C88A09E4F}.Release|Any CPU.ActiveCfg = Release|Any CPU
		{3096988E-6C16-4FCC-9880-B92C88A09E4F}.Release|Any CPU.Build.0 = Release|Any CPU
		{3096988E-6C16-4FCC-9880-B92C88A09E4F}.Release|x64.ActiveCfg = Release|Any CPU
		{3096988E-6C16-4FCC-9880-B92C88A09E4F}.Release|x64.Build.0 = Release|Any CPU
		{D928B855-D6FE-4886-B6E7-93220774A98C}.Debug|Any CPU.ActiveCfg = Debug|x64
		{D928B855-D6FE-4886-B6E7-93220774A98C}.Debug|x64.ActiveCfg = Debug|x64
		{D928B855-D6FE-4886-B6E7-93220774A98C}.Debug|x64.Build.0 = Debug|x64
		{D928B855-D6FE-4886-B6E7-93220774A98C}.Debug|x64.Deploy.0 = Debug|x64
		{D928B855-D6FE-4886-B6E7-93220774A98C}.Release|Any CPU.ActiveCfg = Release|x64
		{D928B855-D6FE-4886-B6E7-93220774A98C}.Release|x64.ActiveCfg = Release|x64
		{D928B855-D6FE-4886-B6E7-93220774A98C}.Release|x64.Build.0 = Release|x64
		{D928B855-D6FE-4886-B6E7-93220774A98C}.Release|x64.Deploy.0 = Release|x64
		{B0EE9BE6-F722-4585-A05D-67FC3A5EC7ED}.Debug|Any CPU.ActiveCfg = Debug|Any CPU
		{B0EE9BE6-F722-4585-A05D-67FC3A5EC7ED}.Debug|Any CPU.Build.0 = Debug|Any CPU
		{B0EE9BE6-F722-4585-A05D-67FC3A5EC7ED}.Debug|x64.ActiveCfg = Debug|Any CPU
		{B0EE9BE6-F722-4585-A05D-67FC3A5EC7ED}.Debug|x64.Build.0 = Debug|Any CPU
		{B0EE9BE6-F722-4585-A05D-67FC3A5EC7ED}.Release|Any CPU.ActiveCfg = Release|Any CPU
		{B0EE9BE6-F722-4585-A05D-67FC3A5EC7ED}.Release|Any CPU.Build.0 = Release|Any CPU
		{B0EE9BE6-F722-4585-A05D-67FC3A5EC7ED}.Release|x64.ActiveCfg = Release|Any CPU
		{B0EE9BE6-F722-4585-A05D-67FC3A5EC7ED}.Release|x64.Build.0 = Release|Any CPU
		{6DA9FE49-FE3C-4C55-91F0-E9622487EF41}.Debug|Any CPU.ActiveCfg = Debug|x64
		{6DA9FE49-FE3C-4C55-91F0-E9622487EF41}.Debug|x64.ActiveCfg = Debug|x64
		{6DA9FE49-FE3C-4C55-91F0-E9622487EF41}.Debug|x64.Build.0 = Debug|x64
		{6DA9FE49-FE3C-4C55-91F0-E9622487EF41}.Debug|x64.Deploy.0 = Debug|x64
		{6DA9FE49-FE3C-4C55-91F0-E9622487EF41}.Release|Any CPU.ActiveCfg = Release|x64
		{6DA9FE49-FE3C-4C55-91F0-E9622487EF41}.Release|x64.ActiveCfg = Release|x64
		{6DA9FE49-FE3C-4C55-91F0-E9622487EF41}.Release|x64.Build.0 = Release|x64
		{6DA9FE49-FE3C-4C55-91F0-E9622487EF41}.Release|x64.Deploy.0 = Release|x64
		{2DDF53FA-7F7E-4C23-A14F-6F035DF48BC0}.Debug|Any CPU.ActiveCfg = Debug|Any CPU
		{2DDF53FA-7F7E-4C23-A14F-6F035DF48BC0}.Debug|Any CPU.Build.0 = Debug|Any CPU
		{2DDF53FA-7F7E-4C23-A14F-6F035DF48BC0}.Debug|x64.ActiveCfg = Debug|Any CPU
		{2DDF53FA-7F7E-4C23-A14F-6F035DF48BC0}.Debug|x64.Build.0 = Debug|Any CPU
		{2DDF53FA-7F7E-4C23-A14F-6F035DF48BC0}.Release|Any CPU.ActiveCfg = Release|Any CPU
		{2DDF53FA-7F7E-4C23-A14F-6F035DF48BC0}.Release|Any CPU.Build.0 = Release|Any CPU
		{2DDF53FA-7F7E-4C23-A14F-6F035DF48BC0}.Release|x64.ActiveCfg = Release|Any CPU
		{2DDF53FA-7F7E-4C23-A14F-6F035DF48BC0}.Release|x64.Build.0 = Release|Any CPU
		{7A84A771-ECA0-4C52-BE9F-DC4898188252}.Debug|Any CPU.ActiveCfg = Debug|Any CPU
		{7A84A771-ECA0-4C52-BE9F-DC4898188252}.Debug|Any CPU.Build.0 = Debug|Any CPU
		{7A84A771-ECA0-4C52-BE9F-DC4898188252}.Debug|x64.ActiveCfg = Debug|Any CPU
		{7A84A771-ECA0-4C52-BE9F-DC4898188252}.Debug|x64.Build.0 = Debug|Any CPU
		{7A84A771-ECA0-4C52-BE9F-DC4898188252}.Release|Any CPU.ActiveCfg = Release|Any CPU
		{7A84A771-ECA0-4C52-BE9F-DC4898188252}.Release|Any CPU.Build.0 = Release|Any CPU
		{7A84A771-ECA0-4C52-BE9F-DC4898188252}.Release|x64.ActiveCfg = Release|Any CPU
		{7A84A771-ECA0-4C52-BE9F-DC4898188252}.Release|x64.Build.0 = Release|Any CPU
	EndGlobalSection
	GlobalSection(SolutionProperties) = preSolution
		HideSolutionNode = FALSE
	EndGlobalSection
	GlobalSection(NestedProjects) = preSolution
		{1FCB7C5D-F989-4B8F-AE50-C2009696D639} = {14BBAE7A-6112-4234-8542-375EDCC61BF8}
		{44812118-0CBE-4903-8C6E-1C95ED44FA76} = {1FCB7C5D-F989-4B8F-AE50-C2009696D639}
		{3096988E-6C16-4FCC-9880-B92C88A09E4F} = {1FCB7C5D-F989-4B8F-AE50-C2009696D639}
		{D2CE73C6-AB10-43BE-97A6-1BABA6F93C6E} = {14BBAE7A-6112-4234-8542-375EDCC61BF8}
		{D928B855-D6FE-4886-B6E7-93220774A98C} = {D2CE73C6-AB10-43BE-97A6-1BABA6F93C6E}
		{B0EE9BE6-F722-4585-A05D-67FC3A5EC7ED} = {D2CE73C6-AB10-43BE-97A6-1BABA6F93C6E}
		{6DA9FE49-FE3C-4C55-91F0-E9622487EF41} = {CF74820E-A20C-4DE2-B7FA-A91061DA7BC5}
		{2DDF53FA-7F7E-4C23-A14F-6F035DF48BC0} = {CF74820E-A20C-4DE2-B7FA-A91061DA7BC5}
		{7A84A771-ECA0-4C52-BE9F-DC4898188252} = {CF74820E-A20C-4DE2-B7FA-A91061DA7BC5}
	EndGlobalSection
	GlobalSection(ExtensibilityGlobals) = postSolution
		SolutionGuid = {8C274D7B-01E1-4ED6-B8A2-3784D92CFDAD}
	EndGlobalSection
EndGlobal
